// !$*UTF8*$!
{
	archiveVersion = 1;
	classes = {
	};
	objectVersion = 46;
	objects = {

/* Begin PBXBuildFile section */
		4D867CB71AD6781200681331 /* AppDelegate.swift in Sources */ = {isa = PBXBuildFile; fileRef = 4D867CB61AD6781200681331 /* AppDelegate.swift */; };
		4D867CB91AD6781200681331 /* WebViewController.swift in Sources */ = {isa = PBXBuildFile; fileRef = 4D867CB81AD6781200681331 /* WebViewController.swift */; };
		4D867CBB1AD6781200681331 /* Images.xcassets in Resources */ = {isa = PBXBuildFile; fileRef = 4D867CBA1AD6781200681331 /* Images.xcassets */; };
		4D867CBE1AD6781200681331 /* Main.storyboard in Resources */ = {isa = PBXBuildFile; fileRef = 4D867CBC1AD6781200681331 /* Main.storyboard */; };
		4D867CCA1AD6781200681331 /* HeliumTests.swift in Sources */ = {isa = PBXBuildFile; fileRef = 4D867CC91AD6781200681331 /* HeliumTests.swift */; };
		4D867CD41AD6796A00681331 /* HeliumPanelController.swift in Sources */ = {isa = PBXBuildFile; fileRef = 4D867CD31AD6796A00681331 /* HeliumPanelController.swift */; };
		B34C1EC31ADE3B520094ADBA /* Sparkle.framework in Frameworks */ = {isa = PBXBuildFile; fileRef = B34C1EC21ADE3B520094ADBA /* Sparkle.framework */; };
		B34C1EC61ADE3CBE0094ADBA /* dsa_pub.pem in Resources */ = {isa = PBXBuildFile; fileRef = B34C1EC51ADE3CBE0094ADBA /* dsa_pub.pem */; };
/* End PBXBuildFile section */

/* Begin PBXContainerItemProxy section */
		4D867CC41AD6781200681331 /* PBXContainerItemProxy */ = {
			isa = PBXContainerItemProxy;
			containerPortal = 4D867CA91AD6781200681331 /* Project object */;
			proxyType = 1;
			remoteGlobalIDString = 4D867CB01AD6781200681331;
			remoteInfo = Helium;
		};
/* End PBXContainerItemProxy section */

/* Begin PBXFileReference section */
		4D867CB11AD6781200681331 /* Helium.app */ = {isa = PBXFileReference; explicitFileType = wrapper.application; includeInIndex = 0; path = Helium.app; sourceTree = BUILT_PRODUCTS_DIR; };
		4D867CB51AD6781200681331 /* Info.plist */ = {isa = PBXFileReference; lastKnownFileType = text.plist.xml; path = Info.plist; sourceTree = "<group>"; };
		4D867CB61AD6781200681331 /* AppDelegate.swift */ = {isa = PBXFileReference; lastKnownFileType = sourcecode.swift; path = AppDelegate.swift; sourceTree = "<group>"; };
		4D867CB81AD6781200681331 /* WebViewController.swift */ = {isa = PBXFileReference; lastKnownFileType = sourcecode.swift; path = WebViewController.swift; sourceTree = "<group>"; };
		4D867CBA1AD6781200681331 /* Images.xcassets */ = {isa = PBXFileReference; lastKnownFileType = folder.assetcatalog; path = Images.xcassets; sourceTree = "<group>"; };
		4D867CBD1AD6781200681331 /* Base */ = {isa = PBXFileReference; lastKnownFileType = file.storyboard; name = Base; path = Base.lproj/Main.storyboard; sourceTree = "<group>"; };
		4D867CC31AD6781200681331 /* HeliumTests.xctest */ = {isa = PBXFileReference; explicitFileType = wrapper.cfbundle; includeInIndex = 0; path = HeliumTests.xctest; sourceTree = BUILT_PRODUCTS_DIR; };
		4D867CC81AD6781200681331 /* Info.plist */ = {isa = PBXFileReference; lastKnownFileType = text.plist.xml; path = Info.plist; sourceTree = "<group>"; };
		4D867CC91AD6781200681331 /* HeliumTests.swift */ = {isa = PBXFileReference; lastKnownFileType = sourcecode.swift; path = HeliumTests.swift; sourceTree = "<group>"; };
		4D867CD31AD6796A00681331 /* HeliumPanelController.swift */ = {isa = PBXFileReference; fileEncoding = 4; lastKnownFileType = sourcecode.swift; path = HeliumPanelController.swift; sourceTree = "<group>"; };
		4DEAB8FD1ADBD98600A2FC2B /* Helium-Bridging-Header.h */ = {isa = PBXFileReference; lastKnownFileType = sourcecode.c.h; path = "Helium-Bridging-Header.h"; sourceTree = "<group>"; };
		4DEAB8FE1ADBD98600A2FC2B /* WKWebViewPrivate.h */ = {isa = PBXFileReference; fileEncoding = 4; lastKnownFileType = sourcecode.c.h; path = WKWebViewPrivate.h; sourceTree = "<group>"; };
		B34C1EC21ADE3B520094ADBA /* Sparkle.framework */ = {isa = PBXFileReference; lastKnownFileType = wrapper.framework; path = Sparkle.framework; sourceTree = "<group>"; };
		B34C1EC51ADE3CBE0094ADBA /* dsa_pub.pem */ = {isa = PBXFileReference; fileEncoding = 4; lastKnownFileType = text; path = dsa_pub.pem; sourceTree = "<group>"; };
/* End PBXFileReference section */

/* Begin PBXFrameworksBuildPhase section */
		4D867CAE1AD6781200681331 /* Frameworks */ = {
			isa = PBXFrameworksBuildPhase;
			buildActionMask = 2147483647;
			files = (
				B34C1EC31ADE3B520094ADBA /* Sparkle.framework in Frameworks */,
			);
			runOnlyForDeploymentPostprocessing = 0;
		};
		4D867CC01AD6781200681331 /* Frameworks */ = {
			isa = PBXFrameworksBuildPhase;
			buildActionMask = 2147483647;
			files = (
			);
			runOnlyForDeploymentPostprocessing = 0;
		};
/* End PBXFrameworksBuildPhase section */

/* Begin PBXGroup section */
		4D867CA81AD6781200681331 = {
			isa = PBXGroup;
			children = (
				4D867CB31AD6781200681331 /* Helium */,
				4D867CC61AD6781200681331 /* HeliumTests */,
				4D867CB21AD6781200681331 /* Products */,
			);
			sourceTree = "<group>";
		};
		4D867CB21AD6781200681331 /* Products */ = {
			isa = PBXGroup;
			children = (
				4D867CB11AD6781200681331 /* Helium.app */,
				4D867CC31AD6781200681331 /* HeliumTests.xctest */,
			);
			name = Products;
			sourceTree = "<group>";
		};
		4D867CB31AD6781200681331 /* Helium */ = {
			isa = PBXGroup;
			children = (
				4D867CB61AD6781200681331 /* AppDelegate.swift */,
				4D867CD31AD6796A00681331 /* HeliumPanelController.swift */,
				4D867CB81AD6781200681331 /* WebViewController.swift */,
				4DEAB8FE1ADBD98600A2FC2B /* WKWebViewPrivate.h */,
				4D867CBA1AD6781200681331 /* Images.xcassets */,
				4D867CBC1AD6781200681331 /* Main.storyboard */,
				4D867CB41AD6781200681331 /* Supporting Files */,
				4DEAB8FD1ADBD98600A2FC2B /* Helium-Bridging-Header.h */,
				B34C1EC71ADE3CCA0094ADBA /* Resources */,
				B34C1EC41ADE3B5E0094ADBA /* Frameworks */,
			);
			path = Helium;
			sourceTree = "<group>";
		};
		4D867CB41AD6781200681331 /* Supporting Files */ = {
			isa = PBXGroup;
			children = (
				4D867CB51AD6781200681331 /* Info.plist */,
			);
			name = "Supporting Files";
			sourceTree = "<group>";
		};
		4D867CC61AD6781200681331 /* HeliumTests */ = {
			isa = PBXGroup;
			children = (
				4D867CC91AD6781200681331 /* HeliumTests.swift */,
				4D867CC71AD6781200681331 /* Supporting Files */,
			);
			path = HeliumTests;
			sourceTree = "<group>";
		};
		4D867CC71AD6781200681331 /* Supporting Files */ = {
			isa = PBXGroup;
			children = (
				4D867CC81AD6781200681331 /* Info.plist */,
			);
			name = "Supporting Files";
			sourceTree = "<group>";
		};
		B34C1EC41ADE3B5E0094ADBA /* Frameworks */ = {
			isa = PBXGroup;
			children = (
				B34C1EC21ADE3B520094ADBA /* Sparkle.framework */,
			);
			name = Frameworks;
			sourceTree = "<group>";
		};
		B34C1EC71ADE3CCA0094ADBA /* Resources */ = {
			isa = PBXGroup;
			children = (
				B34C1EC51ADE3CBE0094ADBA /* dsa_pub.pem */,
			);
			name = Resources;
			sourceTree = "<group>";
		};
/* End PBXGroup section */

/* Begin PBXNativeTarget section */
		4D867CB01AD6781200681331 /* Helium */ = {
			isa = PBXNativeTarget;
			buildConfigurationList = 4D867CCD1AD6781200681331 /* Build configuration list for PBXNativeTarget "Helium" */;
			buildPhases = (
				4D867CAD1AD6781200681331 /* Sources */,
				4D867CAE1AD6781200681331 /* Frameworks */,
				4D867CAF1AD6781200681331 /* Resources */,
			);
			buildRules = (
			);
			dependencies = (
			);
			name = Helium;
			productName = Helium;
			productReference = 4D867CB11AD6781200681331 /* Helium.app */;
			productType = "com.apple.product-type.application";
		};
		4D867CC21AD6781200681331 /* HeliumTests */ = {
			isa = PBXNativeTarget;
			buildConfigurationList = 4D867CD01AD6781200681331 /* Build configuration list for PBXNativeTarget "HeliumTests" */;
			buildPhases = (
				4D867CBF1AD6781200681331 /* Sources */,
				4D867CC01AD6781200681331 /* Frameworks */,
				4D867CC11AD6781200681331 /* Resources */,
			);
			buildRules = (
			);
			dependencies = (
				4D867CC51AD6781200681331 /* PBXTargetDependency */,
			);
			name = HeliumTests;
			productName = HeliumTests;
			productReference = 4D867CC31AD6781200681331 /* HeliumTests.xctest */;
			productType = "com.apple.product-type.bundle.unit-test";
		};
/* End PBXNativeTarget section */

/* Begin PBXProject section */
		4D867CA91AD6781200681331 /* Project object */ = {
			isa = PBXProject;
			attributes = {
				LastUpgradeCheck = 0630;
				ORGANIZATIONNAME = "Jaden Geller";
				TargetAttributes = {
					4D867CB01AD6781200681331 = {
						CreatedOnToolsVersion = 6.3;
					};
					4D867CC21AD6781200681331 = {
						CreatedOnToolsVersion = 6.3;
						TestTargetID = 4D867CB01AD6781200681331;
					};
				};
			};
			buildConfigurationList = 4D867CAC1AD6781200681331 /* Build configuration list for PBXProject "Helium" */;
			compatibilityVersion = "Xcode 3.2";
			developmentRegion = English;
			hasScannedForEncodings = 0;
			knownRegions = (
				en,
				Base,
			);
			mainGroup = 4D867CA81AD6781200681331;
			productRefGroup = 4D867CB21AD6781200681331 /* Products */;
			projectDirPath = "";
			projectRoot = "";
			targets = (
				4D867CB01AD6781200681331 /* Helium */,
				4D867CC21AD6781200681331 /* HeliumTests */,
			);
		};
/* End PBXProject section */

/* Begin PBXResourcesBuildPhase section */
		4D867CAF1AD6781200681331 /* Resources */ = {
			isa = PBXResourcesBuildPhase;
			buildActionMask = 2147483647;
			files = (
				4D867CBB1AD6781200681331 /* Images.xcassets in Resources */,
				B34C1EC61ADE3CBE0094ADBA /* dsa_pub.pem in Resources */,
				4D867CBE1AD6781200681331 /* Main.storyboard in Resources */,
			);
			runOnlyForDeploymentPostprocessing = 0;
		};
		4D867CC11AD6781200681331 /* Resources */ = {
			isa = PBXResourcesBuildPhase;
			buildActionMask = 2147483647;
			files = (
			);
			runOnlyForDeploymentPostprocessing = 0;
		};
/* End PBXResourcesBuildPhase section */

/* Begin PBXSourcesBuildPhase section */
		4D867CAD1AD6781200681331 /* Sources */ = {
			isa = PBXSourcesBuildPhase;
			buildActionMask = 2147483647;
			files = (
				4D867CD41AD6796A00681331 /* HeliumPanelController.swift in Sources */,
				4D867CB91AD6781200681331 /* WebViewController.swift in Sources */,
				4D867CB71AD6781200681331 /* AppDelegate.swift in Sources */,
			);
			runOnlyForDeploymentPostprocessing = 0;
		};
		4D867CBF1AD6781200681331 /* Sources */ = {
			isa = PBXSourcesBuildPhase;
			buildActionMask = 2147483647;
			files = (
				4D867CCA1AD6781200681331 /* HeliumTests.swift in Sources */,
			);
			runOnlyForDeploymentPostprocessing = 0;
		};
/* End PBXSourcesBuildPhase section */

/* Begin PBXTargetDependency section */
		4D867CC51AD6781200681331 /* PBXTargetDependency */ = {
			isa = PBXTargetDependency;
			target = 4D867CB01AD6781200681331 /* Helium */;
			targetProxy = 4D867CC41AD6781200681331 /* PBXContainerItemProxy */;
		};
/* End PBXTargetDependency section */

/* Begin PBXVariantGroup section */
		4D867CBC1AD6781200681331 /* Main.storyboard */ = {
			isa = PBXVariantGroup;
			children = (
				4D867CBD1AD6781200681331 /* Base */,
			);
			name = Main.storyboard;
			sourceTree = "<group>";
		};
/* End PBXVariantGroup section */

/* Begin XCBuildConfiguration section */
		4D867CCB1AD6781200681331 /* Debug */ = {
			isa = XCBuildConfiguration;
			buildSettings = {
				ALWAYS_SEARCH_USER_PATHS = NO;
				CLANG_CXX_LANGUAGE_STANDARD = "gnu++0x";
				CLANG_CXX_LIBRARY = "libc++";
				CLANG_ENABLE_MODULES = YES;
				CLANG_ENABLE_OBJC_ARC = YES;
				CLANG_WARN_BOOL_CONVERSION = YES;
				CLANG_WARN_CONSTANT_CONVERSION = YES;
				CLANG_WARN_DIRECT_OBJC_ISA_USAGE = YES_ERROR;
				CLANG_WARN_EMPTY_BODY = YES;
				CLANG_WARN_ENUM_CONVERSION = YES;
				CLANG_WARN_INT_CONVERSION = YES;
				CLANG_WARN_OBJC_ROOT_CLASS = YES_ERROR;
				CLANG_WARN_UNREACHABLE_CODE = YES;
				CLANG_WARN__DUPLICATE_METHOD_MATCH = YES;
				CODE_SIGN_IDENTITY = "";
				COPY_PHASE_STRIP = NO;
				DEBUG_INFORMATION_FORMAT = dwarf;
				ENABLE_STRICT_OBJC_MSGSEND = YES;
				GCC_C_LANGUAGE_STANDARD = gnu99;
				GCC_DYNAMIC_NO_PIC = NO;
				GCC_NO_COMMON_BLOCKS = YES;
				GCC_OPTIMIZATION_LEVEL = 0;
				GCC_PREPROCESSOR_DEFINITIONS = (
					"DEBUG=1",
					"$(inherited)",
				);
				GCC_SYMBOLS_PRIVATE_EXTERN = NO;
				GCC_WARN_64_TO_32_BIT_CONVERSION = YES;
				GCC_WARN_ABOUT_RETURN_TYPE = YES_ERROR;
				GCC_WARN_UNDECLARED_SELECTOR = YES;
				GCC_WARN_UNINITIALIZED_AUTOS = YES_AGGRESSIVE;
				GCC_WARN_UNUSED_FUNCTION = YES;
				GCC_WARN_UNUSED_VARIABLE = YES;
				MACOSX_DEPLOYMENT_TARGET = 10.10;
				MTL_ENABLE_DEBUG_INFO = YES;
				ONLY_ACTIVE_ARCH = YES;
				SDKROOT = macosx;
				SWIFT_OPTIMIZATION_LEVEL = "-Onone";
			};
			name = Debug;
		};
		4D867CCC1AD6781200681331 /* Release */ = {
			isa = XCBuildConfiguration;
			buildSettings = {
				ALWAYS_SEARCH_USER_PATHS = NO;
				CLANG_CXX_LANGUAGE_STANDARD = "gnu++0x";
				CLANG_CXX_LIBRARY = "libc++";
				CLANG_ENABLE_MODULES = YES;
				CLANG_ENABLE_OBJC_ARC = YES;
				CLANG_WARN_BOOL_CONVERSION = YES;
				CLANG_WARN_CONSTANT_CONVERSION = YES;
				CLANG_WARN_DIRECT_OBJC_ISA_USAGE = YES_ERROR;
				CLANG_WARN_EMPTY_BODY = YES;
				CLANG_WARN_ENUM_CONVERSION = YES;
				CLANG_WARN_INT_CONVERSION = YES;
				CLANG_WARN_OBJC_ROOT_CLASS = YES_ERROR;
				CLANG_WARN_UNREACHABLE_CODE = YES;
				CLANG_WARN__DUPLICATE_METHOD_MATCH = YES;
				CODE_SIGN_IDENTITY = "";
				COPY_PHASE_STRIP = NO;
				DEBUG_INFORMATION_FORMAT = "dwarf-with-dsym";
				ENABLE_NS_ASSERTIONS = NO;
				ENABLE_STRICT_OBJC_MSGSEND = YES;
				GCC_C_LANGUAGE_STANDARD = gnu99;
				GCC_NO_COMMON_BLOCKS = YES;
				GCC_WARN_64_TO_32_BIT_CONVERSION = YES;
				GCC_WARN_ABOUT_RETURN_TYPE = YES_ERROR;
				GCC_WARN_UNDECLARED_SELECTOR = YES;
				GCC_WARN_UNINITIALIZED_AUTOS = YES_AGGRESSIVE;
				GCC_WARN_UNUSED_FUNCTION = YES;
				GCC_WARN_UNUSED_VARIABLE = YES;
				MACOSX_DEPLOYMENT_TARGET = 10.10;
				MTL_ENABLE_DEBUG_INFO = NO;
				SDKROOT = macosx;
			};
			name = Release;
		};
		4D867CCE1AD6781200681331 /* Debug */ = {
			isa = XCBuildConfiguration;
			buildSettings = {
				ASSETCATALOG_COMPILER_APPICON_NAME = AppIcon;
				CLANG_ENABLE_MODULES = YES;
				COMBINE_HIDPI_IMAGES = YES;
				FRAMEWORK_SEARCH_PATHS = (
					"$(inherited)",
					"$(PROJECT_DIR)/Helium",
				);
				INFOPLIST_FILE = Helium/Info.plist;
				LD_RUNPATH_SEARCH_PATHS = "$(inherited) @executable_path/../Frameworks";
				PRODUCT_NAME = "$(TARGET_NAME)";
				SWIFT_OBJC_BRIDGING_HEADER = "Helium/Helium-Bridging-Header.h";
				SWIFT_OPTIMIZATION_LEVEL = "-Onone";
			};
			name = Debug;
		};
		4D867CCF1AD6781200681331 /* Release */ = {
			isa = XCBuildConfiguration;
			buildSettings = {
				ASSETCATALOG_COMPILER_APPICON_NAME = AppIcon;
				CLANG_ENABLE_MODULES = YES;
				COMBINE_HIDPI_IMAGES = YES;
				FRAMEWORK_SEARCH_PATHS = (
					"$(inherited)",
					"$(PROJECT_DIR)/Helium",
				);
				INFOPLIST_FILE = Helium/Info.plist;
				LD_RUNPATH_SEARCH_PATHS = "$(inherited) @executable_path/../Frameworks";
				PRODUCT_NAME = "$(TARGET_NAME)";
				SWIFT_OBJC_BRIDGING_HEADER = "Helium/Helium-Bridging-Header.h";
			};
			name = Release;
		};
		4D867CD11AD6781200681331 /* Debug */ = {
			isa = XCBuildConfiguration;
			buildSettings = {
				BUNDLE_LOADER = "$(TEST_HOST)";
				COMBINE_HIDPI_IMAGES = YES;
				FRAMEWORK_SEARCH_PATHS = (
					"$(DEVELOPER_FRAMEWORKS_DIR)",
					"$(inherited)",
				);
				GCC_PREPROCESSOR_DEFINITIONS = (
					"DEBUG=1",
					"$(inherited)",
				);
				INFOPLIST_FILE = HeliumTests/Info.plist;
				LD_RUNPATH_SEARCH_PATHS = "$(inherited) @executable_path/../Frameworks @loader_path/../Frameworks";
				PRODUCT_NAME = "$(TARGET_NAME)";
				TEST_HOST = "$(BUILT_PRODUCTS_DIR)/Helium.app/Contents/MacOS/Helium";
			};
			name = Debug;
		};
		4D867CD21AD6781200681331 /* Release */ = {
			isa = XCBuildConfiguration;
			buildSettings = {
				BUNDLE_LOADER = "$(TEST_HOST)";
				COMBINE_HIDPI_IMAGES = YES;
				FRAMEWORK_SEARCH_PATHS = (
					"$(DEVELOPER_FRAMEWORKS_DIR)",
					"$(inherited)",
				);
				INFOPLIST_FILE = HeliumTests/Info.plist;
				LD_RUNPATH_SEARCH_PATHS = "$(inherited) @executable_path/../Frameworks @loader_path/../Frameworks";
				PRODUCT_NAME = "$(TARGET_NAME)";
				TEST_HOST = "$(BUILT_PRODUCTS_DIR)/Helium.app/Contents/MacOS/Helium";
			};
			name = Release;
		};
/* End XCBuildConfiguration section */

/* Begin XCConfigurationList section */
		4D867CAC1AD6781200681331 /* Build configuration list for PBXProject "Helium" */ = {
			isa = XCConfigurationList;
			buildConfigurations = (
				4D867CCB1AD6781200681331 /* Debug */,
				4D867CCC1AD6781200681331 /* Release */,
			);
			defaultConfigurationIsVisible = 0;
			defaultConfigurationName = Release;
		};
		4D867CCD1AD6781200681331 /* Build configuration list for PBXNativeTarget "Helium" */ = {
			isa = XCConfigurationList;
			buildConfigurations = (
				4D867CCE1AD6781200681331 /* Debug */,
				4D867CCF1AD6781200681331 /* Release */,
			);
			defaultConfigurationIsVisible = 0;
			defaultConfigurationName = Release;
		};
		4D867CD01AD6781200681331 /* Build configuration list for PBXNativeTarget "HeliumTests" */ = {
			isa = XCConfigurationList;
			buildConfigurations = (
				4D867CD11AD6781200681331 /* Debug */,
				4D867CD21AD6781200681331 /* Release */,
			);
			defaultConfigurationIsVisible = 0;
			defaultConfigurationName = Release;
		};
/* End XCConfigurationList section */
	};
	rootObject = 4D867CA91AD6781200681331 /* Project object */;
}
